github.com/zaddok/gowsdl v0.3.2-0.20190406102810-e8d8367af63a h1:O99hVFvote3WjRZUHgwE4p11RcCXbstJ5apxxgG7edI=
github.com/zaddok/gowsdl v0.3.2-0.20190406102810-e8d8367af63a/go.mod h1:cuAtQtnhwL6ppZMqlByAuvmvthBhAjV2ETTeo92b0SE=
github.com/zaddok/gowsdl v0.3.3 h1:MMUQnzw7AjSUUsHVL42iKM2g46T/oww31puNZ7ZFxgA=
github.com/zaddok/gowsdl v0.3.3/go.mod h1:cuAtQtnhwL6ppZMqlByAuvmvthBhAjV2ETTeo92b0SE=
github.com/zaddok/gowsdl v0.3.4 h1:s/QS3MMO/hL2TLBpQqR7QKoOBVa8Jpntp/7B+0l3Pjk=
github.com/zaddok/gowsdl v0.3.4/go.mod h1:cuAtQtnhwL6ppZMqlByAuvmvthBhAjV2ETTeo92b0SE=
github.com/zaddok/gowsdl v0.3.5 h1:47ex9JgzESGePp825cYxuIecHsiT+0hpcxck5TLUM4A=
github.com/zaddok/gowsdl v0.3.5/go.mod h1:cuAtQtnhwL6ppZMqlByAuvmvthBhAjV2ETTeo92b0SE=
github.com/zaddok/gowsdl v0.3.56 h1:fwDzV4SuVAaKD5T2cBQJ7f0dhPwK03EBe2yKOtuSej0=
github.com/zaddok/gowsdl v0.3.56/go.mod h1:cuAtQtnhwL6ppZMqlByAuvmvthBhAjV2ETTeo92b0SE=
github.com/zaddok/gowsdl v0.3.57 h1:1+mid0msawSpDRbBqaHq1l+VU/gtUNH0P5TUrbzaPaw=
github.com/zaddok/gowsdl v0.3.57/go.mod h1:cuAtQtnhwL6ppZMqlByAuvmvthBhAjV2ETTeo92b0SE=
github.com/zaddok/gowsdl v0.3.58 h1:1jRMBKGOfikBslUhAlGFR9BTAqwiJeDonjZKG2YiI0I=
github.com/zaddok/gowsdl v0.3.58/go.mod h1:cuAtQtnhwL6ppZMqlByAuvmvthBhAjV2ETTeo92b0SE=
github.com/zaddok/gowsdl v0.3.59 h1:0SHFRddMoTa5LEjno6xNuzjHeeBWFeenRbC7GVEOlxA=
github.com/zaddok/gowsdl v0.3.59/go.mod h1:cuAtQtnhwL6ppZMqlByAuvmvthBhAjV2ETTeo92b0SE=
